
Microsoft Visual Studio Solution File, Format Version 12.00
# Visual Studio Version 16
VisualStudioVersion = 16.0.30503.244
MinimumVisualStudioVersion = 10.0.40219.1
Project("{FAE04EC0-301F-11D3-BF4B-00C04F79EFBC}") = "desktoppet", "desktoppet.csproj", "{A0A728DA-1A67-473A-AAC7-0994290AAF73}"
EndProject
Global
	GlobalSection(SolutionConfigurationPlatforms) = preSolution
		Debug|Any CPU = Debug|Any CPU
		Release|Any CPU = Release|Any CPU
	EndGlobalSection
	GlobalSection(ProjectConfigurationPlatforms) = postSolution
		{A0A728DA-1A67-473A-AAC7-0994290AAF73}.Debug|Any CPU.ActiveCfg = Debug|Any CPU
		{A0A728DA-1A67-473A-AAC7-0994290AAF73}.Debug|Any CPU.Build.0 = Debug|Any CPU
		{A0A728DA-1A67-473A-AAC7-0994290AAF73}.Release|Any CPU.ActiveCfg = Release|Any CPU
		{A0A728DA-1A67-473A-AAC7-0994290AAF73}.Release|Any CPU.Build.0 = Release|Any CPU
	EndGlobalSection
	GlobalSection(SolutionProperties) = preSolution
		HideSolutionNode = FALSE
	EndGlobalSection
	GlobalSection(ExtensibilityGlobals) = postSolution
		SolutionGuid = {8A7E6666-E540-4685-9184-863797625F5A}
	EndGlobalSection
EndGlobal
